# This file was autogenerated by Stack.
# You should not edit this file by hand.
# For more information, please see the documentation at:
#   https://docs.haskellstack.org/en/stable/lock_files

packages:
- completed:
    hackage: superrecord-0.5.0.1@sha256:ef0dd316eda7761da831071f729aec3373b44d223b818f9b078be9fba1378b95,2476
    pantry-tree:
      size: 766
      sha256: b99024fd8f7d24a2bd419f174596e81c4b6aaf581852416d7a1cd4f31bc7b767
  original:
    hackage: superrecord-0.5.0.1@sha256:ef0dd316eda7761da831071f729aec3373b44d223b818f9b078be9fba1378b95,2476
snapshots:
- completed:
    size: 523443
    url: https://raw.githubusercontent.com/commercialhaskell/stackage-snapshots/master/lts/14/0.yaml
    sha256: 283773e7120f5446d961eab35ea95c9af9c24187cc178537bd29273200a05171
  original: lts-14.0
